
Microsoft Visual Studio Solution File, Format Version 12.00
# Visual Studio Version 17
VisualStudioVersion = 17.0.32112.339
MinimumVisualStudioVersion = 10.0.40219.1
Project("{FAE04EC0-301F-11D3-BF4B-00C04F79EFBC}") = "структуры данных лаб 1", "структуры данных лаб 1.csproj", "{8D1DF400-8A1F-48B5-BE30-13555BBB13F0}"
EndProject
Global
	GlobalSection(SolutionConfigurationPlatforms) = preSolution
		Debug|Any CPU = Debug|Any CPU
		Release|Any CPU = Release|Any CPU
	EndGlobalSection
	GlobalSection(ProjectConfigurationPlatforms) = postSolution
		{8D1DF400-8A1F-48B5-BE30-13555BBB13F0}.Debug|Any CPU.ActiveCfg = Debug|Any CPU
		{8D1DF400-8A1F-48B5-BE30-13555BBB13F0}.Debug|Any CPU.Build.0 = Debug|Any CPU
		{8D1DF400-8A1F-48B5-BE30-13555BBB13F0}.Release|Any CPU.ActiveCfg = Release|Any CPU
		{8D1DF400-8A1F-48B5-BE30-13555BBB13F0}.Release|Any CPU.Build.0 = Release|Any CPU
	EndGlobalSection
	GlobalSection(SolutionProperties) = preSolution
		HideSolutionNode = FALSE
	EndGlobalSection
	GlobalSection(ExtensibilityGlobals) = postSolution
		SolutionGuid = {F31DDC61-B9C5-4162-B23A-E817404C1B63}
	EndGlobalSection
EndGlobal
